
Microsoft Visual Studio Solution File, Format Version 12.00
# Visual Studio Version 17
VisualStudioVersion = 17.6.33829.357
MinimumVisualStudioVersion = 10.0.40219.1
Project("{FAE04EC0-301F-11D3-BF4B-00C04F79EFBC}") = "CalculadoraForms", "CalculadoraForms\CalculadoraForms.csproj", "{29D97573-3B70-4784-93C1-9D5B7695AD8F}"
EndProject
Global
	GlobalSection(SolutionConfigurationPlatforms) = preSolution
		Debug|Any CPU = Debug|Any CPU
		Release|Any CPU = Release|Any CPU
	EndGlobalSection
	GlobalSection(ProjectConfigurationPlatforms) = postSolution
		{29D97573-3B70-4784-93C1-9D5B7695AD8F}.Debug|Any CPU.ActiveCfg = Debug|Any CPU
		{29D97573-3B70-4784-93C1-9D5B7695AD8F}.Debug|Any CPU.Build.0 = Debug|Any CPU
		{29D97573-3B70-4784-93C1-9D5B7695AD8F}.Release|Any CPU.ActiveCfg = Release|Any CPU
		{29D97573-3B70-4784-93C1-9D5B7695AD8F}.Release|Any CPU.Build.0 = Release|Any CPU
	EndGlobalSection
	GlobalSection(SolutionProperties) = preSolution
		HideSolutionNode = FALSE
	EndGlobalSection
	GlobalSection(ExtensibilityGlobals) = postSolution
		SolutionGuid = {B271CB9A-B489-469C-87C8-28D80E02DD09}
	EndGlobalSection
EndGlobal
